
Microsoft Visual Studio Solution File, Format Version 12.00
# Visual Studio Version 17
VisualStudioVersion = 17.8.34112.27
MinimumVisualStudioVersion = 10.0.40219.1
Project("{9A19103F-16F7-4668-BE54-9A1E7A4F7556}") = "AsyncAwait", "AsyncAwait\AsyncAwait.csproj", "{F221F1AF-1F59-4C6A-93EA-1EA391B44A7E}"
EndProject
Project("{2150E333-8FDC-42A3-9474-1A3956D46DE8}") = "솔루션 항목", "솔루션 항목", "{DDE77384-D033-495B-87A1-7923430F4F8F}"
	ProjectSection(SolutionItems) = preProject
		README.md = README.md
	EndProjectSection
EndProject
Project("{9A19103F-16F7-4668-BE54-9A1E7A4F7556}") = "CancellationToken", "CancellationToken\CancellationToken.csproj", "{93BB70B8-2299-42EC-847B-F7965B76A118}"
EndProject
Project("{9A19103F-16F7-4668-BE54-9A1E7A4F7556}") = "ThreadPool", "ThreadPool\ThreadPool.csproj", "{55BDD14D-5689-4786-94CC-7579B31C037B}"
EndProject
Project("{FAE04EC0-301F-11D3-BF4B-00C04F79EFBC}") = "AsyncBasicTask", "AsyncBasicTask\AsyncBasicTask.csproj", "{9467785C-94D5-440E-AF4B-A841596B9B0E}"
EndProject
Global
	GlobalSection(SolutionConfigurationPlatforms) = preSolution
		Debug|Any CPU = Debug|Any CPU
		Release|Any CPU = Release|Any CPU
	EndGlobalSection
	GlobalSection(ProjectConfigurationPlatforms) = postSolution
		{F221F1AF-1F59-4C6A-93EA-1EA391B44A7E}.Debug|Any CPU.ActiveCfg = Debug|Any CPU
		{F221F1AF-1F59-4C6A-93EA-1EA391B44A7E}.Debug|Any CPU.Build.0 = Debug|Any CPU
		{F221F1AF-1F59-4C6A-93EA-1EA391B44A7E}.Release|Any CPU.ActiveCfg = Release|Any CPU
		{F221F1AF-1F59-4C6A-93EA-1EA391B44A7E}.Release|Any CPU.Build.0 = Release|Any CPU
		{93BB70B8-2299-42EC-847B-F7965B76A118}.Debug|Any CPU.ActiveCfg = Debug|Any CPU
		{93BB70B8-2299-42EC-847B-F7965B76A118}.Debug|Any CPU.Build.0 = Debug|Any CPU
		{93BB70B8-2299-42EC-847B-F7965B76A118}.Release|Any CPU.ActiveCfg = Release|Any CPU
		{93BB70B8-2299-42EC-847B-F7965B76A118}.Release|Any CPU.Build.0 = Release|Any CPU
		{55BDD14D-5689-4786-94CC-7579B31C037B}.Debug|Any CPU.ActiveCfg = Debug|Any CPU
		{55BDD14D-5689-4786-94CC-7579B31C037B}.Debug|Any CPU.Build.0 = Debug|Any CPU
		{55BDD14D-5689-4786-94CC-7579B31C037B}.Release|Any CPU.ActiveCfg = Release|Any CPU
		{55BDD14D-5689-4786-94CC-7579B31C037B}.Release|Any CPU.Build.0 = Release|Any CPU
		{9467785C-94D5-440E-AF4B-A841596B9B0E}.Debug|Any CPU.ActiveCfg = Debug|Any CPU
		{9467785C-94D5-440E-AF4B-A841596B9B0E}.Debug|Any CPU.Build.0 = Debug|Any CPU
		{9467785C-94D5-440E-AF4B-A841596B9B0E}.Release|Any CPU.ActiveCfg = Release|Any CPU
		{9467785C-94D5-440E-AF4B-A841596B9B0E}.Release|Any CPU.Build.0 = Release|Any CPU
	EndGlobalSection
	GlobalSection(SolutionProperties) = preSolution
		HideSolutionNode = FALSE
	EndGlobalSection
	GlobalSection(ExtensibilityGlobals) = postSolution
		SolutionGuid = {FA6E0BEC-35A6-4DA7-B3A3-5657CDDA2314}
	EndGlobalSection
EndGlobal
